
Microsoft Visual Studio Solution File, Format Version 12.00
# Visual Studio Version 17
VisualStudioVersion = 17.6.33829.357
MinimumVisualStudioVersion = 10.0.40219.1
Project("{9A19103F-16F7-4668-BE54-9A1E7A4F7556}") = "StrategyPattern", "StrategyPattern\StrategyPattern.csproj", "{8E480B96-297D-482D-B6AD-6811B65CC94B}"
EndProject
Project("{9A19103F-16F7-4668-BE54-9A1E7A4F7556}") = "FactoryPattern", "FactoryPattern\FactoryPattern.csproj", "{CDC831A4-2F34-47A7-B30D-980B6FCC7EF7}"
EndProject
Project("{9A19103F-16F7-4668-BE54-9A1E7A4F7556}") = "FactoryMethodPattern", "FactoryMethodPattern\FactoryMethodPattern.csproj", "{6AAE76BE-8FEA-4A0A-B82D-60B41E0C0013}"
EndProject
Project("{9A19103F-16F7-4668-BE54-9A1E7A4F7556}") = "AbstractFactoryPattern", "AbstractFactoryPattern\AbstractFactoryPattern.csproj", "{32709B45-A409-4608-9D13-13DB41F1D0B4}"
EndProject
Project("{9A19103F-16F7-4668-BE54-9A1E7A4F7556}") = "AbstractFactoryPattern_2", "AbstractFactoryPattern_2\AbstractFactoryPattern_2.csproj", "{19DCF862-610D-4460-8A29-7D7A751D1341}"
EndProject
Project("{9A19103F-16F7-4668-BE54-9A1E7A4F7556}") = "BuilderPattern", "BuilderPattern\BuilderPattern.csproj", "{A2F3D99C-B854-4F1F-B865-509DF8484C0B}"
EndProject
Project("{9A19103F-16F7-4668-BE54-9A1E7A4F7556}") = "FluentInterfacePattern", "FluentInterfacePattern\FluentInterfacePattern.csproj", "{8F78F9BE-9E1B-4234-BE8D-0FEDBAF01C0C}"
EndProject
Project("{9A19103F-16F7-4668-BE54-9A1E7A4F7556}") = "PrototypePattern", "PrototypePattern\PrototypePattern.csproj", "{0C2B654D-C2B3-4AB0-A10F-7B8041CF6A14}"
EndProject
Project("{9A19103F-16F7-4668-BE54-9A1E7A4F7556}") = "SingletonPattern_NoThreadSafe", "SingletonPattern_NoThreadSafe\SingletonPattern_NoThreadSafe.csproj", "{759B7E13-D1EC-4BBE-AF54-0CB8B7B31CCF}"
EndProject
Project("{9A19103F-16F7-4668-BE54-9A1E7A4F7556}") = "SingletonPattern_ThreadSafe_UsingLocks", "SingletonPattern_ThreadSafe_UsingLocks\SingletonPattern_ThreadSafe_UsingLocks.csproj", "{A00152AF-15C4-4432-985D-92736832D65B}"
EndProject
Project("{9A19103F-16F7-4668-BE54-9A1E7A4F7556}") = "SingletonPattern_ThreadSafe_UsingEagerLoading", "SingletonPattern_ThreadSafe_UsingEagerLoading\SingletonPattern_ThreadSafe_UsingEagerLoading.csproj", "{7AF88697-7A4F-4A4F-8CCB-07D2BE3F7765}"
EndProject
Project("{9A19103F-16F7-4668-BE54-9A1E7A4F7556}") = "SingletonPattern_ThreadSafe_UsingLazyLoading", "SingletonPattern_ThreadSafe_UsingLazyLoading\SingletonPattern_ThreadSafe_UsingLazyLoading.csproj", "{086B0216-6D74-415B-AE10-B3E48C41C9DB}"
EndProject
Project("{9A19103F-16F7-4668-BE54-9A1E7A4F7556}") = "ObjectAdaptorPattern", "ObjectAdaptorPattern\ObjectAdaptorPattern.csproj", "{AF2E3FCE-7CD5-401F-8DC9-020B0D31010E}"
EndProject
Project("{9A19103F-16F7-4668-BE54-9A1E7A4F7556}") = "ClassAdaptorPattern", "ClassAdaptorPattern\ClassAdaptorPattern.csproj", "{6E16BED9-F504-426F-9927-D9A90C2F2FC2}"
EndProject
Project("{9A19103F-16F7-4668-BE54-9A1E7A4F7556}") = "FacadePattern", "FacadePattern\FacadePattern.csproj", "{77266D4E-E805-4B20-A5D4-C73316B6185C}"
EndProject
Project("{9A19103F-16F7-4668-BE54-9A1E7A4F7556}") = "DecoratorPattern", "DecoratorPattern\DecoratorPattern.csproj", "{74AA6D57-17C2-4843-94A2-1381D7B730F0}"
EndProject
Project("{9A19103F-16F7-4668-BE54-9A1E7A4F7556}") = "BridgePattern", "BridgePattern\BridgePattern.csproj", "{2F9EE741-1D34-482C-B260-B27BE6ED9A50}"
EndProject
Project("{9A19103F-16F7-4668-BE54-9A1E7A4F7556}") = "CompositePattern", "CompositePattern\CompositePattern.csproj", "{FDDE8CC2-0462-4368-A6E5-341ABA9031F8}"
EndProject
Project("{9A19103F-16F7-4668-BE54-9A1E7A4F7556}") = "ProxyPattern", "ProxyPattern\ProxyPattern.csproj", "{2C62C924-6786-42D3-94A6-EAA65FF02177}"
EndProject
Project("{9A19103F-16F7-4668-BE54-9A1E7A4F7556}") = "FlyweightPattern", "FlyweightPattern\FlyweightPattern.csproj", "{EEB30F12-07B7-4639-9633-CAE82328DEFC}"
EndProject
Project("{9A19103F-16F7-4668-BE54-9A1E7A4F7556}") = "Iterator Pattern", "Iterator Pattern\Iterator Pattern.csproj", "{14E81102-992B-4EA9-A4A8-28E71FFDC934}"
EndProject
Project("{9A19103F-16F7-4668-BE54-9A1E7A4F7556}") = "ObserverPattern", "ObserverPattern\ObserverPattern.csproj", "{1AD0A1F8-16B0-46E1-B028-260425FFE522}"
EndProject
Project("{9A19103F-16F7-4668-BE54-9A1E7A4F7556}") = "ChainOfResponsibilityPattern", "ChainOfResponsibilityPattern\ChainOfResponsibilityPattern.csproj", "{4A1DC526-8DFD-46D6-A244-2711425E1EBA}"
EndProject
Project("{9A19103F-16F7-4668-BE54-9A1E7A4F7556}") = "StatePattern", "StatePattern\StatePattern.csproj", "{2899CFA6-E632-45F9-9782-10B4E171D7FD}"
EndProject
Project("{9A19103F-16F7-4668-BE54-9A1E7A4F7556}") = "TemplateMethodPattern", "TemplateMethodPattern\TemplateMethodPattern.csproj", "{5F22895B-0CE1-46ED-B96C-FD2A093638FD}"
EndProject
Project("{9A19103F-16F7-4668-BE54-9A1E7A4F7556}") = "CommandPattern", "CommandPattern\CommandPattern.csproj", "{64F4A2A4-6206-480C-AD95-3F5A3D6C89AD}"
EndProject
Project("{FAE04EC0-301F-11D3-BF4B-00C04F79EFBC}") = "VisitorPattern", "VisitorPattern\VisitorPattern.csproj", "{48297601-2FF3-4C8D-9D1B-D57642DA12EF}"
EndProject
Project("{FAE04EC0-301F-11D3-BF4B-00C04F79EFBC}") = "InterpreterPattern", "InterpreterPattern\InterpreterPattern.csproj", "{E3A10D69-E2EF-4496-8A04-42A71EE007B2}"
EndProject
Global
	GlobalSection(SolutionConfigurationPlatforms) = preSolution
		Debug|Any CPU = Debug|Any CPU
		Release|Any CPU = Release|Any CPU
	EndGlobalSection
	GlobalSection(ProjectConfigurationPlatforms) = postSolution
		{8E480B96-297D-482D-B6AD-6811B65CC94B}.Debug|Any CPU.ActiveCfg = Debug|Any CPU
		{8E480B96-297D-482D-B6AD-6811B65CC94B}.Debug|Any CPU.Build.0 = Debug|Any CPU
		{8E480B96-297D-482D-B6AD-6811B65CC94B}.Release|Any CPU.ActiveCfg = Release|Any CPU
		{8E480B96-297D-482D-B6AD-6811B65CC94B}.Release|Any CPU.Build.0 = Release|Any CPU
		{CDC831A4-2F34-47A7-B30D-980B6FCC7EF7}.Debug|Any CPU.ActiveCfg = Debug|Any CPU
		{CDC831A4-2F34-47A7-B30D-980B6FCC7EF7}.Debug|Any CPU.Build.0 = Debug|Any CPU
		{CDC831A4-2F34-47A7-B30D-980B6FCC7EF7}.Release|Any CPU.ActiveCfg = Release|Any CPU
		{CDC831A4-2F34-47A7-B30D-980B6FCC7EF7}.Release|Any CPU.Build.0 = Release|Any CPU
		{6AAE76BE-8FEA-4A0A-B82D-60B41E0C0013}.Debug|Any CPU.ActiveCfg = Debug|Any CPU
		{6AAE76BE-8FEA-4A0A-B82D-60B41E0C0013}.Debug|Any CPU.Build.0 = Debug|Any CPU
		{6AAE76BE-8FEA-4A0A-B82D-60B41E0C0013}.Release|Any CPU.ActiveCfg = Release|Any CPU
		{6AAE76BE-8FEA-4A0A-B82D-60B41E0C0013}.Release|Any CPU.Build.0 = Release|Any CPU
		{32709B45-A409-4608-9D13-13DB41F1D0B4}.Debug|Any CPU.ActiveCfg = Debug|Any CPU
		{32709B45-A409-4608-9D13-13DB41F1D0B4}.Debug|Any CPU.Build.0 = Debug|Any CPU
		{32709B45-A409-4608-9D13-13DB41F1D0B4}.Release|Any CPU.ActiveCfg = Release|Any CPU
		{32709B45-A409-4608-9D13-13DB41F1D0B4}.Release|Any CPU.Build.0 = Release|Any CPU
		{19DCF862-610D-4460-8A29-7D7A751D1341}.Debug|Any CPU.ActiveCfg = Debug|Any CPU
		{19DCF862-610D-4460-8A29-7D7A751D1341}.Debug|Any CPU.Build.0 = Debug|Any CPU
		{19DCF862-610D-4460-8A29-7D7A751D1341}.Release|Any CPU.ActiveCfg = Release|Any CPU
		{19DCF862-610D-4460-8A29-7D7A751D1341}.Release|Any CPU.Build.0 = Release|Any CPU
		{A2F3D99C-B854-4F1F-B865-509DF8484C0B}.Debug|Any CPU.ActiveCfg = Debug|Any CPU
		{A2F3D99C-B854-4F1F-B865-509DF8484C0B}.Debug|Any CPU.Build.0 = Debug|Any CPU
		{A2F3D99C-B854-4F1F-B865-509DF8484C0B}.Release|Any CPU.ActiveCfg = Release|Any CPU
		{A2F3D99C-B854-4F1F-B865-509DF8484C0B}.Release|Any CPU.Build.0 = Release|Any CPU
		{8F78F9BE-9E1B-4234-BE8D-0FEDBAF01C0C}.Debug|Any CPU.ActiveCfg = Debug|Any CPU
		{8F78F9BE-9E1B-4234-BE8D-0FEDBAF01C0C}.Debug|Any CPU.Build.0 = Debug|Any CPU
		{8F78F9BE-9E1B-4234-BE8D-0FEDBAF01C0C}.Release|Any CPU.ActiveCfg = Release|Any CPU
		{8F78F9BE-9E1B-4234-BE8D-0FEDBAF01C0C}.Release|Any CPU.Build.0 = Release|Any CPU
		{0C2B654D-C2B3-4AB0-A10F-7B8041CF6A14}.Debug|Any CPU.ActiveCfg = Debug|Any CPU
		{0C2B654D-C2B3-4AB0-A10F-7B8041CF6A14}.Debug|Any CPU.Build.0 = Debug|Any CPU
		{0C2B654D-C2B3-4AB0-A10F-7B8041CF6A14}.Release|Any CPU.ActiveCfg = Release|Any CPU
		{0C2B654D-C2B3-4AB0-A10F-7B8041CF6A14}.Release|Any CPU.Build.0 = Release|Any CPU
		{759B7E13-D1EC-4BBE-AF54-0CB8B7B31CCF}.Debug|Any CPU.ActiveCfg = Debug|Any CPU
		{759B7E13-D1EC-4BBE-AF54-0CB8B7B31CCF}.Debug|Any CPU.Build.0 = Debug|Any CPU
		{759B7E13-D1EC-4BBE-AF54-0CB8B7B31CCF}.Release|Any CPU.ActiveCfg = Release|Any CPU
		{759B7E13-D1EC-4BBE-AF54-0CB8B7B31CCF}.Release|Any CPU.Build.0 = Release|Any CPU
		{A00152AF-15C4-4432-985D-92736832D65B}.Debug|Any CPU.ActiveCfg = Debug|Any CPU
		{A00152AF-15C4-4432-985D-92736832D65B}.Debug|Any CPU.Build.0 = Debug|Any CPU
		{A00152AF-15C4-4432-985D-92736832D65B}.Release|Any CPU.ActiveCfg = Release|Any CPU
		{A00152AF-15C4-4432-985D-92736832D65B}.Release|Any CPU.Build.0 = Release|Any CPU
		{7AF88697-7A4F-4A4F-8CCB-07D2BE3F7765}.Debug|Any CPU.ActiveCfg = Debug|Any CPU
		{7AF88697-7A4F-4A4F-8CCB-07D2BE3F7765}.Debug|Any CPU.Build.0 = Debug|Any CPU
		{7AF88697-7A4F-4A4F-8CCB-07D2BE3F7765}.Release|Any CPU.ActiveCfg = Release|Any CPU
		{7AF88697-7A4F-4A4F-8CCB-07D2BE3F7765}.Release|Any CPU.Build.0 = Release|Any CPU
		{086B0216-6D74-415B-AE10-B3E48C41C9DB}.Debug|Any CPU.ActiveCfg = Debug|Any CPU
		{086B0216-6D74-415B-AE10-B3E48C41C9DB}.Debug|Any CPU.Build.0 = Debug|Any CPU
		{086B0216-6D74-415B-AE10-B3E48C41C9DB}.Release|Any CPU.ActiveCfg = Release|Any CPU
		{086B0216-6D74-415B-AE10-B3E48C41C9DB}.Release|Any CPU.Build.0 = Release|Any CPU
		{AF2E3FCE-7CD5-401F-8DC9-020B0D31010E}.Debug|Any CPU.ActiveCfg = Debug|Any CPU
		{AF2E3FCE-7CD5-401F-8DC9-020B0D31010E}.Debug|Any CPU.Build.0 = Debug|Any CPU
		{AF2E3FCE-7CD5-401F-8DC9-020B0D31010E}.Release|Any CPU.ActiveCfg = Release|Any CPU
		{AF2E3FCE-7CD5-401F-8DC9-020B0D31010E}.Release|Any CPU.Build.0 = Release|Any CPU
		{6E16BED9-F504-426F-9927-D9A90C2F2FC2}.Debug|Any CPU.ActiveCfg = Debug|Any CPU
		{6E16BED9-F504-426F-9927-D9A90C2F2FC2}.Debug|Any CPU.Build.0 = Debug|Any CPU
		{6E16BED9-F504-426F-9927-D9A90C2F2FC2}.Release|Any CPU.ActiveCfg = Release|Any CPU
		{6E16BED9-F504-426F-9927-D9A90C2F2FC2}.Release|Any CPU.Build.0 = Release|Any CPU
		{77266D4E-E805-4B20-A5D4-C73316B6185C}.Debug|Any CPU.ActiveCfg = Debug|Any CPU
		{77266D4E-E805-4B20-A5D4-C73316B6185C}.Debug|Any CPU.Build.0 = Debug|Any CPU
		{77266D4E-E805-4B20-A5D4-C73316B6185C}.Release|Any CPU.ActiveCfg = Release|Any CPU
		{77266D4E-E805-4B20-A5D4-C73316B6185C}.Release|Any CPU.Build.0 = Release|Any CPU
		{74AA6D57-17C2-4843-94A2-1381D7B730F0}.Debug|Any CPU.ActiveCfg = Debug|Any CPU
		{74AA6D57-17C2-4843-94A2-1381D7B730F0}.Debug|Any CPU.Build.0 = Debug|Any CPU
		{74AA6D57-17C2-4843-94A2-1381D7B730F0}.Release|Any CPU.ActiveCfg = Release|Any CPU
		{74AA6D57-17C2-4843-94A2-1381D7B730F0}.Release|Any CPU.Build.0 = Release|Any CPU
		{2F9EE741-1D34-482C-B260-B27BE6ED9A50}.Debug|Any CPU.ActiveCfg = Debug|Any CPU
		{2F9EE741-1D34-482C-B260-B27BE6ED9A50}.Debug|Any CPU.Build.0 = Debug|Any CPU
		{2F9EE741-1D34-482C-B260-B27BE6ED9A50}.Release|Any CPU.ActiveCfg = Release|Any CPU
		{2F9EE741-1D34-482C-B260-B27BE6ED9A50}.Release|Any CPU.Build.0 = Release|Any CPU
		{FDDE8CC2-0462-4368-A6E5-341ABA9031F8}.Debug|Any CPU.ActiveCfg = Debug|Any CPU
		{FDDE8CC2-0462-4368-A6E5-341ABA9031F8}.Debug|Any CPU.Build.0 = Debug|Any CPU
		{FDDE8CC2-0462-4368-A6E5-341ABA9031F8}.Release|Any CPU.ActiveCfg = Release|Any CPU
		{FDDE8CC2-0462-4368-A6E5-341ABA9031F8}.Release|Any CPU.Build.0 = Release|Any CPU
		{2C62C924-6786-42D3-94A6-EAA65FF02177}.Debug|Any CPU.ActiveCfg = Debug|Any CPU
		{2C62C924-6786-42D3-94A6-EAA65FF02177}.Debug|Any CPU.Build.0 = Debug|Any CPU
		{2C62C924-6786-42D3-94A6-EAA65FF02177}.Release|Any CPU.ActiveCfg = Release|Any CPU
		{2C62C924-6786-42D3-94A6-EAA65FF02177}.Release|Any CPU.Build.0 = Release|Any CPU
		{EEB30F12-07B7-4639-9633-CAE82328DEFC}.Debug|Any CPU.ActiveCfg = Debug|Any CPU
		{EEB30F12-07B7-4639-9633-CAE82328DEFC}.Debug|Any CPU.Build.0 = Debug|Any CPU
		{EEB30F12-07B7-4639-9633-CAE82328DEFC}.Release|Any CPU.ActiveCfg = Release|Any CPU
		{EEB30F12-07B7-4639-9633-CAE82328DEFC}.Release|Any CPU.Build.0 = Release|Any CPU
		{14E81102-992B-4EA9-A4A8-28E71FFDC934}.Debug|Any CPU.ActiveCfg = Debug|Any CPU
		{14E81102-992B-4EA9-A4A8-28E71FFDC934}.Debug|Any CPU.Build.0 = Debug|Any CPU
		{14E81102-992B-4EA9-A4A8-28E71FFDC934}.Release|Any CPU.ActiveCfg = Release|Any CPU
		{14E81102-992B-4EA9-A4A8-28E71FFDC934}.Release|Any CPU.Build.0 = Release|Any CPU
		{1AD0A1F8-16B0-46E1-B028-260425FFE522}.Debug|Any CPU.ActiveCfg = Debug|Any CPU
		{1AD0A1F8-16B0-46E1-B028-260425FFE522}.Debug|Any CPU.Build.0 = Debug|Any CPU
		{1AD0A1F8-16B0-46E1-B028-260425FFE522}.Release|Any CPU.ActiveCfg = Release|Any CPU
		{1AD0A1F8-16B0-46E1-B028-260425FFE522}.Release|Any CPU.Build.0 = Release|Any CPU
		{4A1DC526-8DFD-46D6-A244-2711425E1EBA}.Debug|Any CPU.ActiveCfg = Debug|Any CPU
		{4A1DC526-8DFD-46D6-A244-2711425E1EBA}.Debug|Any CPU.Build.0 = Debug|Any CPU
		{4A1DC526-8DFD-46D6-A244-2711425E1EBA}.Release|Any CPU.ActiveCfg = Release|Any CPU
		{4A1DC526-8DFD-46D6-A244-2711425E1EBA}.Release|Any CPU.Build.0 = Release|Any CPU
		{2899CFA6-E632-45F9-9782-10B4E171D7FD}.Debug|Any CPU.ActiveCfg = Debug|Any CPU
		{2899CFA6-E632-45F9-9782-10B4E171D7FD}.Debug|Any CPU.Build.0 = Debug|Any CPU
		{2899CFA6-E632-45F9-9782-10B4E171D7FD}.Release|Any CPU.ActiveCfg = Release|Any CPU
		{2899CFA6-E632-45F9-9782-10B4E171D7FD}.Release|Any CPU.Build.0 = Release|Any CPU
		{5F22895B-0CE1-46ED-B96C-FD2A093638FD}.Debug|Any CPU.ActiveCfg = Debug|Any CPU
		{5F22895B-0CE1-46ED-B96C-FD2A093638FD}.Debug|Any CPU.Build.0 = Debug|Any CPU
		{5F22895B-0CE1-46ED-B96C-FD2A093638FD}.Release|Any CPU.ActiveCfg = Release|Any CPU
		{5F22895B-0CE1-46ED-B96C-FD2A093638FD}.Release|Any CPU.Build.0 = Release|Any CPU
		{64F4A2A4-6206-480C-AD95-3F5A3D6C89AD}.Debug|Any CPU.ActiveCfg = Debug|Any CPU
		{64F4A2A4-6206-480C-AD95-3F5A3D6C89AD}.Debug|Any CPU.Build.0 = Debug|Any CPU
		{64F4A2A4-6206-480C-AD95-3F5A3D6C89AD}.Release|Any CPU.ActiveCfg = Release|Any CPU
		{64F4A2A4-6206-480C-AD95-3F5A3D6C89AD}.Release|Any CPU.Build.0 = Release|Any CPU
		{48297601-2FF3-4C8D-9D1B-D57642DA12EF}.Debug|Any CPU.ActiveCfg = Debug|Any CPU
		{48297601-2FF3-4C8D-9D1B-D57642DA12EF}.Debug|Any CPU.Build.0 = Debug|Any CPU
		{48297601-2FF3-4C8D-9D1B-D57642DA12EF}.Release|Any CPU.ActiveCfg = Release|Any CPU
		{48297601-2FF3-4C8D-9D1B-D57642DA12EF}.Release|Any CPU.Build.0 = Release|Any CPU
		{E3A10D69-E2EF-4496-8A04-42A71EE007B2}.Debug|Any CPU.ActiveCfg = Debug|Any CPU
		{E3A10D69-E2EF-4496-8A04-42A71EE007B2}.Debug|Any CPU.Build.0 = Debug|Any CPU
		{E3A10D69-E2EF-4496-8A04-42A71EE007B2}.Release|Any CPU.ActiveCfg = Release|Any CPU
		{E3A10D69-E2EF-4496-8A04-42A71EE007B2}.Release|Any CPU.Build.0 = Release|Any CPU
	EndGlobalSection
	GlobalSection(SolutionProperties) = preSolution
		HideSolutionNode = FALSE
	EndGlobalSection
	GlobalSection(ExtensibilityGlobals) = postSolution
		SolutionGuid = {FE0F9C45-6CE4-49EB-8296-91A9A3D47FED}
	EndGlobalSection
EndGlobal
